
Microsoft Visual Studio Solution File, Format Version 12.00
# Visual Studio Version 16
VisualStudioVersion = 16.0.29102.190
MinimumVisualStudioVersion = 10.0.40219.1
Project("{FAE04EC0-301F-11D3-BF4B-00C04F79EFBC}") = "ServerControls", "ServerControls\ServerControls.csproj", "{C7BC3A5D-8F11-4549-8654-B881163397AE}"
EndProject
Global
	GlobalSection(SolutionConfigurationPlatforms) = preSolution
		Debug|Any CPU = Debug|Any CPU
		Release|Any CPU = Release|Any CPU
	EndGlobalSection
	GlobalSection(ProjectConfigurationPlatforms) = postSolution
		{C7BC3A5D-8F11-4549-8654-B881163397AE}.Debug|Any CPU.ActiveCfg = Debug|Any CPU
		{C7BC3A5D-8F11-4549-8654-B881163397AE}.Debug|Any CPU.Build.0 = Debug|Any CPU
		{C7BC3A5D-8F11-4549-8654-B881163397AE}.Release|Any CPU.ActiveCfg = Release|Any CPU
		{C7BC3A5D-8F11-4549-8654-B881163397AE}.Release|Any CPU.Build.0 = Release|Any CPU
	EndGlobalSection
	GlobalSection(SolutionProperties) = preSolution
		HideSolutionNode = FALSE
	EndGlobalSection
	GlobalSection(ExtensibilityGlobals) = postSolution
		SolutionGuid = {56288B46-C489-4BE2-B3B3-8AF4D912B823}
	EndGlobalSection
EndGlobal
